
Microsoft Visual Studio Solution File, Format Version 12.00
# Visual Studio 15
VisualStudioVersion = 15.0.28010.2003
MinimumVisualStudioVersion = 10.0.40219.1
Project("{F184B08F-C81C-45F6-A57F-5ABD9991F28F}") = "GarupaAPTool", "GarupaAPTool\GarupaAPTool.vbproj", "{A4E199E4-6D95-44F6-8EC7-A20BF843C616}"
EndProject
Global
	GlobalSection(SolutionConfigurationPlatforms) = preSolution
		Debug|Any CPU = Debug|Any CPU
		Release|Any CPU = Release|Any CPU
	EndGlobalSection
	GlobalSection(ProjectConfigurationPlatforms) = postSolution
		{A4E199E4-6D95-44F6-8EC7-A20BF843C616}.Debug|Any CPU.ActiveCfg = Debug|Any CPU
		{A4E199E4-6D95-44F6-8EC7-A20BF843C616}.Debug|Any CPU.Build.0 = Debug|Any CPU
		{A4E199E4-6D95-44F6-8EC7-A20BF843C616}.Release|Any CPU.ActiveCfg = Release|Any CPU
		{A4E199E4-6D95-44F6-8EC7-A20BF843C616}.Release|Any CPU.Build.0 = Release|Any CPU
	EndGlobalSection
	GlobalSection(SolutionProperties) = preSolution
		HideSolutionNode = FALSE
	EndGlobalSection
	GlobalSection(ExtensibilityGlobals) = postSolution
		SolutionGuid = {09DEC80F-4B0E-4706-BA9C-2A7351425FA6}
	EndGlobalSection
EndGlobal
